{
  "version": 4,
  "terraform_version": "1.3.9",
  "serial": 77,
  "lineage": "9736fc61-59f2-d861-ca06-f381d96af4cc",
  "outputs": {},
  "resources": [
    {
      "mode": "managed",
      "type": "azurerm_linux_virtual_machine",
      "name": "testvmprafull",
      "provider": "provider[\"registry.terraform.io/hashicorp/azurerm\"]",
      "instances": [
        {
          "index_key": "my-cloud0001",
          "schema_version": 0,
          "attributes": {
            "additional_capabilities": [],
            "admin_password": null,
            "admin_ssh_key": [
              {
                "public_key": "ssh-rsa AAAAB3NzaC1yc2EAAAADAQABAAACAQDWCHcthr56jL2MJrisnv1QILdSAQILX2x6SWjmjqPGcy6ba8j/DgVk29E/LF0nhbLFYf1N28XOfNscEtCGy7Lfc3WrjH7512IBFtQp0ed0EQ9STwjrn5X9nQL3j0yMeDYy4SRXQO8BE4DroDenZq6gYq6QGSzFZ58+PI+tw4vqllbn3l5Mh0J8OwsJA9T/On7du4H/RjAcBBBjtM2TBQ6QqX0Lz9270xjSWi8Qyjit2wJbfufGKOwzEHtA2k1rTCez0hArBAcHTFMUUYpOngb8Dyv9ke+sXs8jmJ43MpUcktT7pVGdMxPhItWFL8wc9BwmogNyhYR/Pcrw8teGixiSaGocWHzz7a+BAhJfInXMaeODo2j5GQMYANNu3K0Gzf5j2r9dkeP0zYsBZt60dw/Pke7jvk9dJwrcKrJb3PgE25kMgoOGKMw/dS1OAFYdemmU+gUOrqcHWpPBx3ktOXo8IksKXcr63BFwa4p16trmBxI40WS63zzbciraVqZyHghkC/QV2cKlNhp0oHlzBmOiuEDwvTRQ2M3sVh33iHjMhVUcnE9cBBWeiHvBVJHnIzZm7KbKgzgpf/VPYfSQ3iGMh0ujZlwYjPAQxQQhJ388gl40l2JgITk9xHhbIUA1k2Tv3cE9RiP6dX+H8jzabydvqNkSD/ndmR1ysNA/7GolTQ== prafull.chavan@bp.com\n",
                "username": "adminuser"
              }
            ],
            "admin_username": "adminuser",
            "allow_extension_operations": true,
            "availability_set_id": "",
            "boot_diagnostics": [],
            "capacity_reservation_group_id": "",
            "computer_name": "my-cloud0001",
            "custom_data": null,
            "dedicated_host_group_id": "",
            "dedicated_host_id": "",
            "disable_password_authentication": true,
            "edge_zone": "",
            "encryption_at_host_enabled": false,
            "eviction_policy": "",
            "extensions_time_budget": "PT1H30M",
            "gallery_application": [],
            "id": "/subscriptions/3344a922-f246-4f27-a6f1-3c85586f7b99/resourceGroups/testrgprafull/providers/Microsoft.Compute/virtualMachines/my-cloud0001",
            "identity": [],
            "license_type": "",
            "location": "westeurope",
            "max_bid_price": -1,
            "name": "my-cloud0001",
            "network_interface_ids": [
              "/subscriptions/3344a922-f246-4f27-a6f1-3c85586f7b99/resourceGroups/testrgprafull/providers/Microsoft.Network/networkInterfaces/testnicprafullcloud0001"
            ],
            "os_disk": [
              {
                "caching": "ReadWrite",
                "diff_disk_settings": [],
                "disk_encryption_set_id": "",
                "disk_size_gb": 30,
                "name": "my-cloud0001_OsDisk_1_9a5c0e6d79404873ab575bde1c706312",
                "secure_vm_disk_encryption_set_id": "",
                "security_encryption_type": "",
                "storage_account_type": "Standard_LRS",
                "write_accelerator_enabled": false
              }
            ],
            "patch_assessment_mode": "ImageDefault",
            "patch_mode": "ImageDefault",
            "plan": [],
            "platform_fault_domain": -1,
            "priority": "Regular",
            "private_ip_address": "10.0.2.4",
            "private_ip_addresses": [
              "10.0.2.4"
            ],
            "provision_vm_agent": true,
            "proximity_placement_group_id": "",
            "public_ip_address": "",
            "public_ip_addresses": [],
            "resource_group_name": "testrgprafull",
            "secret": [],
            "secure_boot_enabled": false,
            "size": "Standard_F2",
            "source_image_id": "",
            "source_image_reference": [
              {
                "offer": "UbuntuServer",
                "publisher": "Canonical",
                "sku": "16.04-LTS",
                "version": "latest"
              }
            ],
            "tags": null,
            "termination_notification": null,
            "timeouts": null,
            "user_data": "",
            "virtual_machine_id": "ad804391-3bbf-487d-897b-e3d9a6518ed4",
            "virtual_machine_scale_set_id": "",
            "vtpm_enabled": false,
            "zone": ""
          },
          "sensitive_attributes": [],
          "private": "eyJlMmJmYjczMC1lY2FhLTExZTYtOGY4OC0zNDM2M2JjN2M0YzAiOnsiY3JlYXRlIjoyNzAwMDAwMDAwMDAwLCJkZWxldGUiOjI3MDAwMDAwMDAwMDAsInJlYWQiOjMwMDAwMDAwMDAwMCwidXBkYXRlIjoyNzAwMDAwMDAwMDAwfX0=",
          "dependencies": [
            "azurerm_network_interface.testnicprafull",
            "azurerm_resource_group.testrgprafull",
            "azurerm_subnet.testsubnetprafull",
            "azurerm_virtual_network.testvnetprafull"
          ]
        },
        {
          "index_key": "my-server001",
          "schema_version": 0,
          "attributes": {
            "additional_capabilities": [],
            "admin_password": null,
            "admin_ssh_key": [
              {
                "public_key": "ssh-rsa AAAAB3NzaC1yc2EAAAADAQABAAACAQDWCHcthr56jL2MJrisnv1QILdSAQILX2x6SWjmjqPGcy6ba8j/DgVk29E/LF0nhbLFYf1N28XOfNscEtCGy7Lfc3WrjH7512IBFtQp0ed0EQ9STwjrn5X9nQL3j0yMeDYy4SRXQO8BE4DroDenZq6gYq6QGSzFZ58+PI+tw4vqllbn3l5Mh0J8OwsJA9T/On7du4H/RjAcBBBjtM2TBQ6QqX0Lz9270xjSWi8Qyjit2wJbfufGKOwzEHtA2k1rTCez0hArBAcHTFMUUYpOngb8Dyv9ke+sXs8jmJ43MpUcktT7pVGdMxPhItWFL8wc9BwmogNyhYR/Pcrw8teGixiSaGocWHzz7a+BAhJfInXMaeODo2j5GQMYANNu3K0Gzf5j2r9dkeP0zYsBZt60dw/Pke7jvk9dJwrcKrJb3PgE25kMgoOGKMw/dS1OAFYdemmU+gUOrqcHWpPBx3ktOXo8IksKXcr63BFwa4p16trmBxI40WS63zzbciraVqZyHghkC/QV2cKlNhp0oHlzBmOiuEDwvTRQ2M3sVh33iHjMhVUcnE9cBBWeiHvBVJHnIzZm7KbKgzgpf/VPYfSQ3iGMh0ujZlwYjPAQxQQhJ388gl40l2JgITk9xHhbIUA1k2Tv3cE9RiP6dX+H8jzabydvqNkSD/ndmR1ysNA/7GolTQ== prafull.chavan@bp.com\n",
                "username": "adminuser"
              }
            ],
            "admin_username": "adminuser",
            "allow_extension_operations": true,
            "availability_set_id": "",
            "boot_diagnostics": [],
            "capacity_reservation_group_id": "",
            "computer_name": "my-server001",
            "custom_data": null,
            "dedicated_host_group_id": "",
            "dedicated_host_id": "",
            "disable_password_authentication": true,
            "edge_zone": "",
            "encryption_at_host_enabled": false,
            "eviction_policy": "",
            "extensions_time_budget": "PT1H30M",
            "gallery_application": [],
            "id": "/subscriptions/3344a922-f246-4f27-a6f1-3c85586f7b99/resourceGroups/testrgprafull/providers/Microsoft.Compute/virtualMachines/my-server001",
            "identity": [],
            "license_type": "",
            "location": "westeurope",
            "max_bid_price": -1,
            "name": "my-server001",
            "network_interface_ids": [
              "/subscriptions/3344a922-f246-4f27-a6f1-3c85586f7b99/resourceGroups/testrgprafull/providers/Microsoft.Network/networkInterfaces/testnicprafullserver001"
            ],
            "os_disk": [
              {
                "caching": "ReadWrite",
                "diff_disk_settings": [],
                "disk_encryption_set_id": "",
                "disk_size_gb": 30,
                "name": "my-server001_OsDisk_1_91e6204103154c1b8d9d3b1a06dcdb0e",
                "secure_vm_disk_encryption_set_id": "",
                "security_encryption_type": "",
                "storage_account_type": "Standard_LRS",
                "write_accelerator_enabled": false
              }
            ],
            "patch_assessment_mode": "ImageDefault",
            "patch_mode": "ImageDefault",
            "plan": [],
            "platform_fault_domain": -1,
            "priority": "Regular",
            "private_ip_address": "10.0.2.5",
            "private_ip_addresses": [
              "10.0.2.5"
            ],
            "provision_vm_agent": true,
            "proximity_placement_group_id": "",
            "public_ip_address": "",
            "public_ip_addresses": [],
            "resource_group_name": "testrgprafull",
            "secret": [],
            "secure_boot_enabled": false,
            "size": "Standard_F2",
            "source_image_id": "",
            "source_image_reference": [
              {
                "offer": "UbuntuServer",
                "publisher": "Canonical",
                "sku": "16.04-LTS",
                "version": "latest"
              }
            ],
            "tags": null,
            "termination_notification": null,
            "timeouts": null,
            "user_data": "",
            "virtual_machine_id": "27092e73-fddb-4296-b4d4-52826b8b4936",
            "virtual_machine_scale_set_id": "",
            "vtpm_enabled": false,
            "zone": ""
          },
          "sensitive_attributes": [],
          "private": "eyJlMmJmYjczMC1lY2FhLTExZTYtOGY4OC0zNDM2M2JjN2M0YzAiOnsiY3JlYXRlIjoyNzAwMDAwMDAwMDAwLCJkZWxldGUiOjI3MDAwMDAwMDAwMDAsInJlYWQiOjMwMDAwMDAwMDAwMCwidXBkYXRlIjoyNzAwMDAwMDAwMDAwfX0=",
          "dependencies": [
            "azurerm_network_interface.testnicprafull",
            "azurerm_resource_group.testrgprafull",
            "azurerm_subnet.testsubnetprafull",
            "azurerm_virtual_network.testvnetprafull"
          ]
        },
        {
          "index_key": "my-vm01",
          "schema_version": 0,
          "attributes": {
            "additional_capabilities": [],
            "admin_password": null,
            "admin_ssh_key": [
              {
                "public_key": "ssh-rsa AAAAB3NzaC1yc2EAAAADAQABAAACAQDWCHcthr56jL2MJrisnv1QILdSAQILX2x6SWjmjqPGcy6ba8j/DgVk29E/LF0nhbLFYf1N28XOfNscEtCGy7Lfc3WrjH7512IBFtQp0ed0EQ9STwjrn5X9nQL3j0yMeDYy4SRXQO8BE4DroDenZq6gYq6QGSzFZ58+PI+tw4vqllbn3l5Mh0J8OwsJA9T/On7du4H/RjAcBBBjtM2TBQ6QqX0Lz9270xjSWi8Qyjit2wJbfufGKOwzEHtA2k1rTCez0hArBAcHTFMUUYpOngb8Dyv9ke+sXs8jmJ43MpUcktT7pVGdMxPhItWFL8wc9BwmogNyhYR/Pcrw8teGixiSaGocWHzz7a+BAhJfInXMaeODo2j5GQMYANNu3K0Gzf5j2r9dkeP0zYsBZt60dw/Pke7jvk9dJwrcKrJb3PgE25kMgoOGKMw/dS1OAFYdemmU+gUOrqcHWpPBx3ktOXo8IksKXcr63BFwa4p16trmBxI40WS63zzbciraVqZyHghkC/QV2cKlNhp0oHlzBmOiuEDwvTRQ2M3sVh33iHjMhVUcnE9cBBWeiHvBVJHnIzZm7KbKgzgpf/VPYfSQ3iGMh0ujZlwYjPAQxQQhJ388gl40l2JgITk9xHhbIUA1k2Tv3cE9RiP6dX+H8jzabydvqNkSD/ndmR1ysNA/7GolTQ== prafull.chavan@bp.com\n",
                "username": "adminuser"
              }
            ],
            "admin_username": "adminuser",
            "allow_extension_operations": true,
            "availability_set_id": "",
            "boot_diagnostics": [],
            "capacity_reservation_group_id": "",
            "computer_name": "my-vm01",
            "custom_data": null,
            "dedicated_host_group_id": "",
            "dedicated_host_id": "",
            "disable_password_authentication": true,
            "edge_zone": "",
            "encryption_at_host_enabled": false,
            "eviction_policy": "",
            "extensions_time_budget": "PT1H30M",
            "gallery_application": [],
            "id": "/subscriptions/3344a922-f246-4f27-a6f1-3c85586f7b99/resourceGroups/testrgprafull/providers/Microsoft.Compute/virtualMachines/my-vm01",
            "identity": [],
            "license_type": "",
            "location": "westeurope",
            "max_bid_price": -1,
            "name": "my-vm01",
            "network_interface_ids": [
              "/subscriptions/3344a922-f246-4f27-a6f1-3c85586f7b99/resourceGroups/testrgprafull/providers/Microsoft.Network/networkInterfaces/testnicprafullvm01"
            ],
            "os_disk": [
              {
                "caching": "ReadWrite",
                "diff_disk_settings": [],
                "disk_encryption_set_id": "",
                "disk_size_gb": 30,
                "name": "my-vm01_OsDisk_1_8164c6044ab34fd38b2b3de4f204fdf3",
                "secure_vm_disk_encryption_set_id": "",
                "security_encryption_type": "",
                "storage_account_type": "Standard_LRS",
                "write_accelerator_enabled": false
              }
            ],
            "patch_assessment_mode": "ImageDefault",
            "patch_mode": "ImageDefault",
            "plan": [],
            "platform_fault_domain": -1,
            "priority": "Regular",
            "private_ip_address": "10.0.2.6",
            "private_ip_addresses": [
              "10.0.2.6"
            ],
            "provision_vm_agent": true,
            "proximity_placement_group_id": "",
            "public_ip_address": "",
            "public_ip_addresses": [],
            "resource_group_name": "testrgprafull",
            "secret": [],
            "secure_boot_enabled": false,
            "size": "Standard_F2",
            "source_image_id": "",
            "source_image_reference": [
              {
                "offer": "UbuntuServer",
                "publisher": "Canonical",
                "sku": "16.04-LTS",
                "version": "latest"
              }
            ],
            "tags": null,
            "termination_notification": null,
            "timeouts": null,
            "user_data": "",
            "virtual_machine_id": "cd628188-880a-499e-bf39-e2518c8bf38b",
            "virtual_machine_scale_set_id": "",
            "vtpm_enabled": false,
            "zone": ""
          },
          "sensitive_attributes": [],
          "private": "eyJlMmJmYjczMC1lY2FhLTExZTYtOGY4OC0zNDM2M2JjN2M0YzAiOnsiY3JlYXRlIjoyNzAwMDAwMDAwMDAwLCJkZWxldGUiOjI3MDAwMDAwMDAwMDAsInJlYWQiOjMwMDAwMDAwMDAwMCwidXBkYXRlIjoyNzAwMDAwMDAwMDAwfX0=",
          "dependencies": [
            "azurerm_network_interface.testnicprafull",
            "azurerm_resource_group.testrgprafull",
            "azurerm_subnet.testsubnetprafull",
            "azurerm_virtual_network.testvnetprafull"
          ]
        }
      ]
    },
    {
      "mode": "managed",
      "type": "azurerm_network_interface",
      "name": "testnicprafull",
      "provider": "provider[\"registry.terraform.io/hashicorp/azurerm\"]",
      "instances": [
        {
          "index_key": "my-cloud0001",
          "schema_version": 0,
          "attributes": {
            "applied_dns_servers": [],
            "dns_servers": [],
            "edge_zone": "",
            "enable_accelerated_networking": false,
            "enable_ip_forwarding": false,
            "id": "/subscriptions/3344a922-f246-4f27-a6f1-3c85586f7b99/resourceGroups/testrgprafull/providers/Microsoft.Network/networkInterfaces/testnicprafullcloud0001",
            "internal_dns_name_label": "",
            "internal_domain_name_suffix": "kbvvbphdchoezi1wpzwqvakapf.ax.internal.cloudapp.net",
            "ip_configuration": [
              {
                "gateway_load_balancer_frontend_ip_configuration_id": "",
                "name": "internal",
                "primary": true,
                "private_ip_address": "10.0.2.4",
                "private_ip_address_allocation": "Dynamic",
                "private_ip_address_version": "IPv4",
                "public_ip_address_id": "",
                "subnet_id": "/subscriptions/3344a922-f246-4f27-a6f1-3c85586f7b99/resourceGroups/testrgprafull/providers/Microsoft.Network/virtualNetworks/testvnetprafull/subnets/internal"
              }
            ],
            "location": "westeurope",
            "mac_address": "",
            "name": "testnicprafullcloud0001",
            "private_ip_address": "10.0.2.4",
            "private_ip_addresses": [
              "10.0.2.4"
            ],
            "resource_group_name": "testrgprafull",
            "tags": null,
            "timeouts": null,
            "virtual_machine_id": ""
          },
          "sensitive_attributes": [],
          "private": "eyJlMmJmYjczMC1lY2FhLTExZTYtOGY4OC0zNDM2M2JjN2M0YzAiOnsiY3JlYXRlIjoxODAwMDAwMDAwMDAwLCJkZWxldGUiOjE4MDAwMDAwMDAwMDAsInJlYWQiOjMwMDAwMDAwMDAwMCwidXBkYXRlIjoxODAwMDAwMDAwMDAwfX0=",
          "dependencies": [
            "azurerm_resource_group.testrgprafull",
            "azurerm_subnet.testsubnetprafull",
            "azurerm_virtual_network.testvnetprafull"
          ]
        },
        {
          "index_key": "my-server001",
          "schema_version": 0,
          "attributes": {
            "applied_dns_servers": [],
            "dns_servers": [],
            "edge_zone": "",
            "enable_accelerated_networking": false,
            "enable_ip_forwarding": false,
            "id": "/subscriptions/3344a922-f246-4f27-a6f1-3c85586f7b99/resourceGroups/testrgprafull/providers/Microsoft.Network/networkInterfaces/testnicprafullserver001",
            "internal_dns_name_label": "",
            "internal_domain_name_suffix": "kbvvbphdchoezi1wpzwqvakapf.ax.internal.cloudapp.net",
            "ip_configuration": [
              {
                "gateway_load_balancer_frontend_ip_configuration_id": "",
                "name": "internal",
                "primary": true,
                "private_ip_address": "10.0.2.5",
                "private_ip_address_allocation": "Dynamic",
                "private_ip_address_version": "IPv4",
                "public_ip_address_id": "",
                "subnet_id": "/subscriptions/3344a922-f246-4f27-a6f1-3c85586f7b99/resourceGroups/testrgprafull/providers/Microsoft.Network/virtualNetworks/testvnetprafull/subnets/internal"
              }
            ],
            "location": "westeurope",
            "mac_address": "",
            "name": "testnicprafullserver001",
            "private_ip_address": "10.0.2.5",
            "private_ip_addresses": [
              "10.0.2.5"
            ],
            "resource_group_name": "testrgprafull",
            "tags": null,
            "timeouts": null,
            "virtual_machine_id": ""
          },
          "sensitive_attributes": [],
          "private": "eyJlMmJmYjczMC1lY2FhLTExZTYtOGY4OC0zNDM2M2JjN2M0YzAiOnsiY3JlYXRlIjoxODAwMDAwMDAwMDAwLCJkZWxldGUiOjE4MDAwMDAwMDAwMDAsInJlYWQiOjMwMDAwMDAwMDAwMCwidXBkYXRlIjoxODAwMDAwMDAwMDAwfX0=",
          "dependencies": [
            "azurerm_resource_group.testrgprafull",
            "azurerm_subnet.testsubnetprafull",
            "azurerm_virtual_network.testvnetprafull"
          ]
        },
        {
          "index_key": "my-vm01",
          "schema_version": 0,
          "attributes": {
            "applied_dns_servers": [],
            "dns_servers": [],
            "edge_zone": "",
            "enable_accelerated_networking": false,
            "enable_ip_forwarding": false,
            "id": "/subscriptions/3344a922-f246-4f27-a6f1-3c85586f7b99/resourceGroups/testrgprafull/providers/Microsoft.Network/networkInterfaces/testnicprafullvm01",
            "internal_dns_name_label": "",
            "internal_domain_name_suffix": "kbvvbphdchoezi1wpzwqvakapf.ax.internal.cloudapp.net",
            "ip_configuration": [
              {
                "gateway_load_balancer_frontend_ip_configuration_id": "",
                "name": "internal",
                "primary": true,
                "private_ip_address": "10.0.2.6",
                "private_ip_address_allocation": "Dynamic",
                "private_ip_address_version": "IPv4",
                "public_ip_address_id": "",
                "subnet_id": "/subscriptions/3344a922-f246-4f27-a6f1-3c85586f7b99/resourceGroups/testrgprafull/providers/Microsoft.Network/virtualNetworks/testvnetprafull/subnets/internal"
              }
            ],
            "location": "westeurope",
            "mac_address": "",
            "name": "testnicprafullvm01",
            "private_ip_address": "10.0.2.6",
            "private_ip_addresses": [
              "10.0.2.6"
            ],
            "resource_group_name": "testrgprafull",
            "tags": null,
            "timeouts": null,
            "virtual_machine_id": ""
          },
          "sensitive_attributes": [],
          "private": "eyJlMmJmYjczMC1lY2FhLTExZTYtOGY4OC0zNDM2M2JjN2M0YzAiOnsiY3JlYXRlIjoxODAwMDAwMDAwMDAwLCJkZWxldGUiOjE4MDAwMDAwMDAwMDAsInJlYWQiOjMwMDAwMDAwMDAwMCwidXBkYXRlIjoxODAwMDAwMDAwMDAwfX0=",
          "dependencies": [
            "azurerm_resource_group.testrgprafull",
            "azurerm_subnet.testsubnetprafull",
            "azurerm_virtual_network.testvnetprafull"
          ]
        }
      ]
    },
    {
      "mode": "managed",
      "type": "azurerm_resource_group",
      "name": "testrgprafull",
      "provider": "provider[\"registry.terraform.io/hashicorp/azurerm\"]",
      "instances": [
        {
          "schema_version": 0,
          "attributes": {
            "id": "/subscriptions/3344a922-f246-4f27-a6f1-3c85586f7b99/resourceGroups/testrgprafull",
            "location": "westeurope",
            "name": "testrgprafull",
            "tags": null,
            "timeouts": null
          },
          "sensitive_attributes": [],
          "private": "eyJlMmJmYjczMC1lY2FhLTExZTYtOGY4OC0zNDM2M2JjN2M0YzAiOnsiY3JlYXRlIjo1NDAwMDAwMDAwMDAwLCJkZWxldGUiOjU0MDAwMDAwMDAwMDAsInJlYWQiOjMwMDAwMDAwMDAwMCwidXBkYXRlIjo1NDAwMDAwMDAwMDAwfX0="
        }
      ]
    },
    {
      "mode": "managed",
      "type": "azurerm_subnet",
      "name": "testsubnetprafull",
      "provider": "provider[\"registry.terraform.io/hashicorp/azurerm\"]",
      "instances": [
        {
          "schema_version": 0,
          "attributes": {
            "address_prefixes": [
              "10.0.2.0/24"
            ],
            "delegation": [],
            "enforce_private_link_endpoint_network_policies": false,
            "enforce_private_link_service_network_policies": false,
            "id": "/subscriptions/3344a922-f246-4f27-a6f1-3c85586f7b99/resourceGroups/testrgprafull/providers/Microsoft.Network/virtualNetworks/testvnetprafull/subnets/internal",
            "name": "internal",
            "private_endpoint_network_policies_enabled": true,
            "private_link_service_network_policies_enabled": true,
            "resource_group_name": "testrgprafull",
            "service_endpoint_policy_ids": null,
            "service_endpoints": null,
            "timeouts": null,
            "virtual_network_name": "testvnetprafull"
          },
          "sensitive_attributes": [],
          "private": "eyJlMmJmYjczMC1lY2FhLTExZTYtOGY4OC0zNDM2M2JjN2M0YzAiOnsiY3JlYXRlIjoxODAwMDAwMDAwMDAwLCJkZWxldGUiOjE4MDAwMDAwMDAwMDAsInJlYWQiOjMwMDAwMDAwMDAwMCwidXBkYXRlIjoxODAwMDAwMDAwMDAwfX0=",
          "dependencies": [
            "azurerm_resource_group.testrgprafull",
            "azurerm_virtual_network.testvnetprafull"
          ]
        }
      ]
    },
    {
      "mode": "managed",
      "type": "azurerm_virtual_machine_extension",
      "name": "postvmprovisioning",
      "provider": "provider[\"registry.terraform.io/hashicorp/azurerm\"]",
      "instances": [
        {
          "index_key": "my-cloud0001",
          "schema_version": 0,
          "attributes": {
            "auto_upgrade_minor_version": false,
            "automatic_upgrade_enabled": false,
            "failure_suppression_enabled": false,
            "id": "/subscriptions/3344a922-f246-4f27-a6f1-3c85586f7b99/resourceGroups/testrgprafull/providers/Microsoft.Compute/virtualMachines/my-cloud0001/extensions/postvmprovisioning",
            "name": "postvmprovisioning",
            "protected_settings": null,
            "protected_settings_from_key_vault": [],
            "publisher": "Microsoft.Azure.Extensions",
            "settings": "{\"script\":\"IyEgL2Jpbi9iYXNoCgplY2hvICJ0aGlzIGlzIHRlc3QgbWVzc2FnZSIgPiBleHBlY3RlZF9maWxl\"}",
            "tags": null,
            "timeouts": null,
            "type": "CustomScript",
            "type_handler_version": "2.0",
            "virtual_machine_id": "/subscriptions/3344a922-f246-4f27-a6f1-3c85586f7b99/resourceGroups/testrgprafull/providers/Microsoft.Compute/virtualMachines/my-cloud0001"
          },
          "sensitive_attributes": [],
          "private": "eyJlMmJmYjczMC1lY2FhLTExZTYtOGY4OC0zNDM2M2JjN2M0YzAiOnsiY3JlYXRlIjoxODAwMDAwMDAwMDAwLCJkZWxldGUiOjE4MDAwMDAwMDAwMDAsInJlYWQiOjMwMDAwMDAwMDAwMCwidXBkYXRlIjoxODAwMDAwMDAwMDAwfX0=",
          "dependencies": [
            "azurerm_linux_virtual_machine.testvmprafull",
            "azurerm_network_interface.testnicprafull",
            "azurerm_resource_group.testrgprafull",
            "azurerm_subnet.testsubnetprafull",
            "azurerm_virtual_network.testvnetprafull"
          ]
        },
        {
          "index_key": "my-server001",
          "schema_version": 0,
          "attributes": {
            "auto_upgrade_minor_version": false,
            "automatic_upgrade_enabled": false,
            "failure_suppression_enabled": false,
            "id": "/subscriptions/3344a922-f246-4f27-a6f1-3c85586f7b99/resourceGroups/testrgprafull/providers/Microsoft.Compute/virtualMachines/my-server001/extensions/postvmprovisioning",
            "name": "postvmprovisioning",
            "protected_settings": null,
            "protected_settings_from_key_vault": [],
            "publisher": "Microsoft.Azure.Extensions",
            "settings": "{\"script\":\"IyEgL2Jpbi9iYXNoCgplY2hvICJ0aGlzIGlzIHRlc3QgbWVzc2FnZSIgPiBleHBlY3RlZF9maWxl\"}",
            "tags": null,
            "timeouts": null,
            "type": "CustomScript",
            "type_handler_version": "2.0",
            "virtual_machine_id": "/subscriptions/3344a922-f246-4f27-a6f1-3c85586f7b99/resourceGroups/testrgprafull/providers/Microsoft.Compute/virtualMachines/my-server001"
          },
          "sensitive_attributes": [],
          "private": "eyJlMmJmYjczMC1lY2FhLTExZTYtOGY4OC0zNDM2M2JjN2M0YzAiOnsiY3JlYXRlIjoxODAwMDAwMDAwMDAwLCJkZWxldGUiOjE4MDAwMDAwMDAwMDAsInJlYWQiOjMwMDAwMDAwMDAwMCwidXBkYXRlIjoxODAwMDAwMDAwMDAwfX0=",
          "dependencies": [
            "azurerm_linux_virtual_machine.testvmprafull",
            "azurerm_network_interface.testnicprafull",
            "azurerm_resource_group.testrgprafull",
            "azurerm_subnet.testsubnetprafull",
            "azurerm_virtual_network.testvnetprafull"
          ]
        },
        {
          "index_key": "my-vm01",
          "schema_version": 0,
          "attributes": {
            "auto_upgrade_minor_version": false,
            "automatic_upgrade_enabled": false,
            "failure_suppression_enabled": false,
            "id": "/subscriptions/3344a922-f246-4f27-a6f1-3c85586f7b99/resourceGroups/testrgprafull/providers/Microsoft.Compute/virtualMachines/my-vm01/extensions/postvmprovisioning",
            "name": "postvmprovisioning",
            "protected_settings": null,
            "protected_settings_from_key_vault": [],
            "publisher": "Microsoft.Azure.Extensions",
            "settings": "{\"script\":\"IyEgL2Jpbi9iYXNoCgplY2hvICJ0aGlzIGlzIHRlc3QgbWVzc2FnZSIgPiBleHBlY3RlZF9maWxl\"}",
            "tags": null,
            "timeouts": null,
            "type": "CustomScript",
            "type_handler_version": "2.0",
            "virtual_machine_id": "/subscriptions/3344a922-f246-4f27-a6f1-3c85586f7b99/resourceGroups/testrgprafull/providers/Microsoft.Compute/virtualMachines/my-vm01"
          },
          "sensitive_attributes": [],
          "private": "eyJlMmJmYjczMC1lY2FhLTExZTYtOGY4OC0zNDM2M2JjN2M0YzAiOnsiY3JlYXRlIjoxODAwMDAwMDAwMDAwLCJkZWxldGUiOjE4MDAwMDAwMDAwMDAsInJlYWQiOjMwMDAwMDAwMDAwMCwidXBkYXRlIjoxODAwMDAwMDAwMDAwfX0=",
          "dependencies": [
            "azurerm_linux_virtual_machine.testvmprafull",
            "azurerm_network_interface.testnicprafull",
            "azurerm_resource_group.testrgprafull",
            "azurerm_subnet.testsubnetprafull",
            "azurerm_virtual_network.testvnetprafull"
          ]
        }
      ]
    },
    {
      "mode": "managed",
      "type": "azurerm_virtual_network",
      "name": "testvnetprafull",
      "provider": "provider[\"registry.terraform.io/hashicorp/azurerm\"]",
      "instances": [
        {
          "schema_version": 0,
          "attributes": {
            "address_space": [
              "10.0.0.0/16"
            ],
            "bgp_community": "",
            "ddos_protection_plan": [],
            "dns_servers": [],
            "edge_zone": "",
            "flow_timeout_in_minutes": 0,
            "guid": "bc506b50-11e3-4cdc-a376-7e6d0a81407d",
            "id": "/subscriptions/3344a922-f246-4f27-a6f1-3c85586f7b99/resourceGroups/testrgprafull/providers/Microsoft.Network/virtualNetworks/testvnetprafull",
            "location": "westeurope",
            "name": "testvnetprafull",
            "resource_group_name": "testrgprafull",
            "subnet": [],
            "tags": null,
            "timeouts": null
          },
          "sensitive_attributes": [],
          "private": "eyJlMmJmYjczMC1lY2FhLTExZTYtOGY4OC0zNDM2M2JjN2M0YzAiOnsiY3JlYXRlIjoxODAwMDAwMDAwMDAwLCJkZWxldGUiOjE4MDAwMDAwMDAwMDAsInJlYWQiOjMwMDAwMDAwMDAwMCwidXBkYXRlIjoxODAwMDAwMDAwMDAwfX0=",
          "dependencies": [
            "azurerm_resource_group.testrgprafull"
          ]
        }
      ]
    }
  ],
  "check_results": null
}
